// !$*UTF8*$!
{
	archiveVersion = 1;
	classes = {
	};
	objectVersion = 46;
	objects = {

/* Begin PBXBuildFile section */
		0BFFBCF31C4CC9710057587C /* AppDelegate.swift in Sources */ = {isa = PBXBuildFile; fileRef = 0BFFBCF21C4CC9710057587C /* AppDelegate.swift */; };
		0BFFBCF51C4CC9710057587C /* ViewController.swift in Sources */ = {isa = PBXBuildFile; fileRef = 0BFFBCF41C4CC9710057587C /* ViewController.swift */; };
		0BFFBCF81C4CC9710057587C /* Main.storyboard in Resources */ = {isa = PBXBuildFile; fileRef = 0BFFBCF61C4CC9710057587C /* Main.storyboard */; };
		0BFFBCFA1C4CC9710057587C /* Assets.xcassets in Resources */ = {isa = PBXBuildFile; fileRef = 0BFFBCF91C4CC9710057587C /* Assets.xcassets */; };
		0BFFBCFD1C4CC9710057587C /* LaunchScreen.storyboard in Resources */ = {isa = PBXBuildFile; fileRef = 0BFFBCFB1C4CC9710057587C /* LaunchScreen.storyboard */; };
		0BFFBD081C4CC9720057587C /* ReactNativeSwiftDemoTests.swift in Sources */ = {isa = PBXBuildFile; fileRef = 0BFFBD071C4CC9720057587C /* ReactNativeSwiftDemoTests.swift */; };
		0BFFBD131C4CC9720057587C /* ReactNativeSwiftDemoUITests.swift in Sources */ = {isa = PBXBuildFile; fileRef = 0BFFBD121C4CC9720057587C /* ReactNativeSwiftDemoUITests.swift */; };
		0BFFBD261C4CCBBF0057587C /* libReact.a in Frameworks */ = {isa = PBXBuildFile; fileRef = 0BFFBD251C4CCBAF0057587C /* libReact.a */; };
		0BFFBD371C4CCF640057587C /* libRCTActionSheet.a in Frameworks */ = {isa = PBXBuildFile; fileRef = 0BFFBD361C4CCF610057587C /* libRCTActionSheet.a */; };
		0BFFBD3E1C4CCF860057587C /* libRCTGeolocation.a in Frameworks */ = {isa = PBXBuildFile; fileRef = 0BFFBD3D1C4CCF830057587C /* libRCTGeolocation.a */; };
		0BFFBD451C4CCF9F0057587C /* libRCTImage.a in Frameworks */ = {isa = PBXBuildFile; fileRef = 0BFFBD441C4CCF9B0057587C /* libRCTImage.a */; };
		0BFFBD4C1C4CCFBB0057587C /* libRCTLinking.a in Frameworks */ = {isa = PBXBuildFile; fileRef = 0BFFBD4B1C4CCFB80057587C /* libRCTLinking.a */; };
		0BFFBD531C4CCFD90057587C /* libRCTNetwork.a in Frameworks */ = {isa = PBXBuildFile; fileRef = 0BFFBD521C4CCFD50057587C /* libRCTNetwork.a */; };
		0BFFBD5A1C4CCFEE0057587C /* libRCTSettings.a in Frameworks */ = {isa = PBXBuildFile; fileRef = 0BFFBD591C4CCFEB0057587C /* libRCTSettings.a */; };
		0BFFBD611C4CD0090057587C /* libRCTText.a in Frameworks */ = {isa = PBXBuildFile; fileRef = 0BFFBD601C4CD0050057587C /* libRCTText.a */; };
		0BFFBD681C4CD0210057587C /* libRCTVibration.a in Frameworks */ = {isa = PBXBuildFile; fileRef = 0BFFBD671C4CD01D0057587C /* libRCTVibration.a */; };
		0BFFBD6F1C4CD0330057587C /* libRCTWebSocket.a in Frameworks */ = {isa = PBXBuildFile; fileRef = 0BFFBD6E1C4CD0300057587C /* libRCTWebSocket.a */; };
/* End PBXBuildFile section */

/* Begin PBXContainerItemProxy section */
		0BFFBD041C4CC9720057587C /* PBXContainerItemProxy */ = {
			isa = PBXContainerItemProxy;
			containerPortal = 0BFFBCE71C4CC9710057587C /* Project object */;
			proxyType = 1;
			remoteGlobalIDString = 0BFFBCEE1C4CC9710057587C;
			remoteInfo = ReactNativeSwiftDemo;
		};
		0BFFBD0F1C4CC9720057587C /* PBXContainerItemProxy */ = {
			isa = PBXContainerItemProxy;
			containerPortal = 0BFFBCE71C4CC9710057587C /* Project object */;
			proxyType = 1;
			remoteGlobalIDString = 0BFFBCEE1C4CC9710057587C;
			remoteInfo = ReactNativeSwiftDemo;
		};
		0BFFBD241C4CCBAF0057587C /* PBXContainerItemProxy */ = {
			isa = PBXContainerItemProxy;
			containerPortal = 0BFFBD201C4CCBAF0057587C /* React.xcodeproj */;
			proxyType = 2;
			remoteGlobalIDString = 83CBBA2E1A601D0E00E9B192;
			remoteInfo = React;
		};
		0BFFBD351C4CCF610057587C /* PBXContainerItemProxy */ = {
			isa = PBXContainerItemProxy;
			containerPortal = 0BFFBD311C4CCF610057587C /* RCTActionSheet.xcodeproj */;
			proxyType = 2;
			remoteGlobalIDString = 134814201AA4EA6300B7C361;
			remoteInfo = RCTActionSheet;
		};
		0BFFBD3C1C4CCF830057587C /* PBXContainerItemProxy */ = {
			isa = PBXContainerItemProxy;
			containerPortal = 0BFFBD381C4CCF820057587C /* RCTGeolocation.xcodeproj */;
			proxyType = 2;
			remoteGlobalIDString = 134814201AA4EA6300B7C361;
			remoteInfo = RCTGeolocation;
		};
		0BFFBD431C4CCF9B0057587C /* PBXContainerItemProxy */ = {
			isa = PBXContainerItemProxy;
			containerPortal = 0BFFBD3F1C4CCF9B0057587C /* RCTImage.xcodeproj */;
			proxyType = 2;
			remoteGlobalIDString = 58B5115D1A9E6B3D00147676;
			remoteInfo = RCTImage;
		};
		0BFFBD4A1C4CCFB80057587C /* PBXContainerItemProxy */ = {
			isa = PBXContainerItemProxy;
			containerPortal = 0BFFBD461C4CCFB80057587C /* RCTLinking.xcodeproj */;
			proxyType = 2;
			remoteGlobalIDString = 134814201AA4EA6300B7C361;
			remoteInfo = RCTLinking;
		};
		0BFFBD511C4CCFD50057587C /* PBXContainerItemProxy */ = {
			isa = PBXContainerItemProxy;
			containerPortal = 0BFFBD4D1C4CCFD50057587C /* RCTNetwork.xcodeproj */;
			proxyType = 2;
			remoteGlobalIDString = 58B511DB1A9E6C8500147676;
			remoteInfo = RCTNetwork;
		};
		0BFFBD581C4CCFEB0057587C /* PBXContainerItemProxy */ = {
			isa = PBXContainerItemProxy;
			containerPortal = 0BFFBD541C4CCFEB0057587C /* RCTSettings.xcodeproj */;
			proxyType = 2;
			remoteGlobalIDString = 134814201AA4EA6300B7C361;
			remoteInfo = RCTSettings;
		};
		0BFFBD5F1C4CD0050057587C /* PBXContainerItemProxy */ = {
			isa = PBXContainerItemProxy;
			containerPortal = 0BFFBD5B1C4CD0050057587C /* RCTText.xcodeproj */;
			proxyType = 2;
			remoteGlobalIDString = 58B5119B1A9E6C1200147676;
			remoteInfo = RCTText;
		};
		0BFFBD661C4CD01D0057587C /* PBXContainerItemProxy */ = {
			isa = PBXContainerItemProxy;
			containerPortal = 0BFFBD621C4CD01D0057587C /* RCTVibration.xcodeproj */;
			proxyType = 2;
			remoteGlobalIDString = 832C81801AAF6DEF007FA2F7;
			remoteInfo = RCTVibration;
		};
		0BFFBD6D1C4CD0300057587C /* PBXContainerItemProxy */ = {
			isa = PBXContainerItemProxy;
			containerPortal = 0BFFBD691C4CD0300057587C /* RCTWebSocket.xcodeproj */;
			proxyType = 2;
			remoteGlobalIDString = 3C86DF461ADF2C930047B81A;
			remoteInfo = RCTWebSocket;
		};
/* End PBXContainerItemProxy section */

/* Begin PBXFileReference section */
		0BFFBCEF1C4CC9710057587C /* ReactNativeSwiftDemo.app */ = {isa = PBXFileReference; explicitFileType = wrapper.application; includeInIndex = 0; path = ReactNativeSwiftDemo.app; sourceTree = BUILT_PRODUCTS_DIR; };
		0BFFBCF21C4CC9710057587C /* AppDelegate.swift */ = {isa = PBXFileReference; lastKnownFileType = sourcecode.swift; path = AppDelegate.swift; sourceTree = "<group>"; };
		0BFFBCF41C4CC9710057587C /* ViewController.swift */ = {isa = PBXFileReference; lastKnownFileType = sourcecode.swift; path = ViewController.swift; sourceTree = "<group>"; };
		0BFFBCF71C4CC9710057587C /* Base */ = {isa = PBXFileReference; lastKnownFileType = file.storyboard; name = Base; path = Base.lproj/Main.storyboard; sourceTree = "<group>"; };
		0BFFBCF91C4CC9710057587C /* Assets.xcassets */ = {isa = PBXFileReference; lastKnownFileType = folder.assetcatalog; path = Assets.xcassets; sourceTree = "<group>"; };
		0BFFBCFC1C4CC9710057587C /* Base */ = {isa = PBXFileReference; lastKnownFileType = file.storyboard; name = Base; path = Base.lproj/LaunchScreen.storyboard; sourceTree = "<group>"; };
		0BFFBCFE1C4CC9710057587C /* Info.plist */ = {isa = PBXFileReference; lastKnownFileType = text.plist.xml; path = Info.plist; sourceTree = "<group>"; };
		0BFFBD031C4CC9720057587C /* ReactNativeSwiftDemoTests.xctest */ = {isa = PBXFileReference; explicitFileType = wrapper.cfbundle; includeInIndex = 0; path = ReactNativeSwiftDemoTests.xctest; sourceTree = BUILT_PRODUCTS_DIR; };
		0BFFBD071C4CC9720057587C /* ReactNativeSwiftDemoTests.swift */ = {isa = PBXFileReference; lastKnownFileType = sourcecode.swift; path = ReactNativeSwiftDemoTests.swift; sourceTree = "<group>"; };
		0BFFBD091C4CC9720057587C /* Info.plist */ = {isa = PBXFileReference; lastKnownFileType = text.plist.xml; path = Info.plist; sourceTree = "<group>"; };
		0BFFBD0E1C4CC9720057587C /* ReactNativeSwiftDemoUITests.xctest */ = {isa = PBXFileReference; explicitFileType = wrapper.cfbundle; includeInIndex = 0; path = ReactNativeSwiftDemoUITests.xctest; sourceTree = BUILT_PRODUCTS_DIR; };
		0BFFBD121C4CC9720057587C /* ReactNativeSwiftDemoUITests.swift */ = {isa = PBXFileReference; lastKnownFileType = sourcecode.swift; path = ReactNativeSwiftDemoUITests.swift; sourceTree = "<group>"; };
		0BFFBD141C4CC9720057587C /* Info.plist */ = {isa = PBXFileReference; lastKnownFileType = text.plist.xml; path = Info.plist; sourceTree = "<group>"; };
		0BFFBD201C4CCBAF0057587C /* React.xcodeproj */ = {isa = PBXFileReference; lastKnownFileType = "wrapper.pb-project"; name = React.xcodeproj; path = "node_modules/react-native/React/React.xcodeproj"; sourceTree = "<group>"; };
		0BFFBD311C4CCF610057587C /* RCTActionSheet.xcodeproj */ = {isa = PBXFileReference; lastKnownFileType = "wrapper.pb-project"; name = RCTActionSheet.xcodeproj; path = "node_modules/react-native/Libraries/ActionSheetIOS/RCTActionSheet.xcodeproj"; sourceTree = "<group>"; };
		0BFFBD381C4CCF820057587C /* RCTGeolocation.xcodeproj */ = {isa = PBXFileReference; lastKnownFileType = "wrapper.pb-project"; name = RCTGeolocation.xcodeproj; path = "node_modules/react-native/Libraries/Geolocation/RCTGeolocation.xcodeproj"; sourceTree = "<group>"; };
		0BFFBD3F1C4CCF9B0057587C /* RCTImage.xcodeproj */ = {isa = PBXFileReference; lastKnownFileType = "wrapper.pb-project"; name = RCTImage.xcodeproj; path = "node_modules/react-native/Libraries/Image/RCTImage.xcodeproj"; sourceTree = "<group>"; };
		0BFFBD461C4CCFB80057587C /* RCTLinking.xcodeproj */ = {isa = PBXFileReference; lastKnownFileType = "wrapper.pb-project"; name = RCTLinking.xcodeproj; path = "node_modules/react-native/Libraries/LinkingIOS/RCTLinking.xcodeproj"; sourceTree = "<group>"; };
		0BFFBD4D1C4CCFD50057587C /* RCTNetwork.xcodeproj */ = {isa = PBXFileReference; lastKnownFileType = "wrapper.pb-project"; name = RCTNetwork.xcodeproj; path = "node_modules/react-native/Libraries/Network/RCTNetwork.xcodeproj"; sourceTree = "<group>"; };
		0BFFBD541C4CCFEB0057587C /* RCTSettings.xcodeproj */ = {isa = PBXFileReference; lastKnownFileType = "wrapper.pb-project"; name = RCTSettings.xcodeproj; path = "node_modules/react-native/Libraries/Settings/RCTSettings.xcodeproj"; sourceTree = "<group>"; };
		0BFFBD5B1C4CD0050057587C /* RCTText.xcodeproj */ = {isa = PBXFileReference; lastKnownFileType = "wrapper.pb-project"; name = RCTText.xcodeproj; path = "node_modules/react-native/Libraries/Text/RCTText.xcodeproj"; sourceTree = "<group>"; };
		0BFFBD621C4CD01D0057587C /* RCTVibration.xcodeproj */ = {isa = PBXFileReference; lastKnownFileType = "wrapper.pb-project"; name = RCTVibration.xcodeproj; path = "node_modules/react-native/Libraries/Vibration/RCTVibration.xcodeproj"; sourceTree = "<group>"; };
		0BFFBD691C4CD0300057587C /* RCTWebSocket.xcodeproj */ = {isa = PBXFileReference; lastKnownFileType = "wrapper.pb-project"; name = RCTWebSocket.xcodeproj; path = "node_modules/react-native/Libraries/WebSocket/RCTWebSocket.xcodeproj"; sourceTree = "<group>"; };
/* End PBXFileReference section */

/* Begin PBXFrameworksBuildPhase section */
		0BFFBCEC1C4CC9710057587C /* Frameworks */ = {
			isa = PBXFrameworksBuildPhase;
			buildActionMask = 2147483647;
			files = (
				0BFFBD6F1C4CD0330057587C /* libRCTWebSocket.a in Frameworks */,
				0BFFBD681C4CD0210057587C /* libRCTVibration.a in Frameworks */,
				0BFFBD611C4CD0090057587C /* libRCTText.a in Frameworks */,
				0BFFBD5A1C4CCFEE0057587C /* libRCTSettings.a in Frameworks */,
				0BFFBD531C4CCFD90057587C /* libRCTNetwork.a in Frameworks */,
				0BFFBD4C1C4CCFBB0057587C /* libRCTLinking.a in Frameworks */,
				0BFFBD451C4CCF9F0057587C /* libRCTImage.a in Frameworks */,
				0BFFBD3E1C4CCF860057587C /* libRCTGeolocation.a in Frameworks */,
				0BFFBD371C4CCF640057587C /* libRCTActionSheet.a in Frameworks */,
				0BFFBD261C4CCBBF0057587C /* libReact.a in Frameworks */,
			);
			runOnlyForDeploymentPostprocessing = 0;
		};
		0BFFBD001C4CC9720057587C /* Frameworks */ = {
			isa = PBXFrameworksBuildPhase;
			buildActionMask = 2147483647;
			files = (
			);
			runOnlyForDeploymentPostprocessing = 0;
		};
		0BFFBD0B1C4CC9720057587C /* Frameworks */ = {
			isa = PBXFrameworksBuildPhase;
			buildActionMask = 2147483647;
			files = (
			);
			runOnlyForDeploymentPostprocessing = 0;
		};
/* End PBXFrameworksBuildPhase section */

/* Begin PBXGroup section */
		0BFFBCE61C4CC9710057587C = {
			isa = PBXGroup;
			children = (
				0BFFBD691C4CD0300057587C /* RCTWebSocket.xcodeproj */,
				0BFFBD621C4CD01D0057587C /* RCTVibration.xcodeproj */,
				0BFFBD5B1C4CD0050057587C /* RCTText.xcodeproj */,
				0BFFBD541C4CCFEB0057587C /* RCTSettings.xcodeproj */,
				0BFFBD4D1C4CCFD50057587C /* RCTNetwork.xcodeproj */,
				0BFFBD461C4CCFB80057587C /* RCTLinking.xcodeproj */,
				0BFFBD3F1C4CCF9B0057587C /* RCTImage.xcodeproj */,
				0BFFBD381C4CCF820057587C /* RCTGeolocation.xcodeproj */,
				0BFFBD311C4CCF610057587C /* RCTActionSheet.xcodeproj */,
				0BFFBD201C4CCBAF0057587C /* React.xcodeproj */,
				0BFFBCF11C4CC9710057587C /* ReactNativeSwiftDemo */,
				0BFFBD061C4CC9720057587C /* ReactNativeSwiftDemoTests */,
				0BFFBD111C4CC9720057587C /* ReactNativeSwiftDemoUITests */,
				0BFFBCF01C4CC9710057587C /* Products */,
			);
			sourceTree = "<group>";
		};
		0BFFBCF01C4CC9710057587C /* Products */ = {
			isa = PBXGroup;
			children = (
				0BFFBCEF1C4CC9710057587C /* ReactNativeSwiftDemo.app */,
				0BFFBD031C4CC9720057587C /* ReactNativeSwiftDemoTests.xctest */,
				0BFFBD0E1C4CC9720057587C /* ReactNativeSwiftDemoUITests.xctest */,
			);
			name = Products;
			sourceTree = "<group>";
		};
		0BFFBCF11C4CC9710057587C /* ReactNativeSwiftDemo */ = {
			isa = PBXGroup;
			children = (
				0BFFBCF21C4CC9710057587C /* AppDelegate.swift */,
				0BFFBCF41C4CC9710057587C /* ViewController.swift */,
				0BFFBCF61C4CC9710057587C /* Main.storyboard */,
				0BFFBCF91C4CC9710057587C /* Assets.xcassets */,
				0BFFBCFB1C4CC9710057587C /* LaunchScreen.storyboard */,
				0BFFBCFE1C4CC9710057587C /* Info.plist */,
			);
			path = ReactNativeSwiftDemo;
			sourceTree = "<group>";
		};
		0BFFBD061C4CC9720057587C /* ReactNativeSwiftDemoTests */ = {
			isa = PBXGroup;
			children = (
				0BFFBD071C4CC9720057587C /* ReactNativeSwiftDemoTests.swift */,
				0BFFBD091C4CC9720057587C /* Info.plist */,
			);
			path = ReactNativeSwiftDemoTests;
			sourceTree = "<group>";
		};
		0BFFBD111C4CC9720057587C /* ReactNativeSwiftDemoUITests */ = {
			isa = PBXGroup;
			children = (
				0BFFBD121C4CC9720057587C /* ReactNativeSwiftDemoUITests.swift */,
				0BFFBD141C4CC9720057587C /* Info.plist */,
			);
			path = ReactNativeSwiftDemoUITests;
			sourceTree = "<group>";
		};
		0BFFBD211C4CCBAF0057587C /* Products */ = {
			isa = PBXGroup;
			children = (
				0BFFBD251C4CCBAF0057587C /* libReact.a */,
			);
			name = Products;
			sourceTree = "<group>";
		};
		0BFFBD321C4CCF610057587C /* Products */ = {
			isa = PBXGroup;
			children = (
				0BFFBD361C4CCF610057587C /* libRCTActionSheet.a */,
			);
			name = Products;
			sourceTree = "<group>";
		};
		0BFFBD391C4CCF820057587C /* Products */ = {
			isa = PBXGroup;
			children = (
				0BFFBD3D1C4CCF830057587C /* libRCTGeolocation.a */,
			);
			name = Products;
			sourceTree = "<group>";
		};
		0BFFBD401C4CCF9B0057587C /* Products */ = {
			isa = PBXGroup;
			children = (
				0BFFBD441C4CCF9B0057587C /* libRCTImage.a */,
			);
			name = Products;
			sourceTree = "<group>";
		};
		0BFFBD471C4CCFB80057587C /* Products */ = {
			isa = PBXGroup;
			children = (
				0BFFBD4B1C4CCFB80057587C /* libRCTLinking.a */,
			);
			name = Products;
			sourceTree = "<group>";
		};
		0BFFBD4E1C4CCFD50057587C /* Products */ = {
			isa = PBXGroup;
			children = (
				0BFFBD521C4CCFD50057587C /* libRCTNetwork.a */,
			);
			name = Products;
			sourceTree = "<group>";
		};
		0BFFBD551C4CCFEB0057587C /* Products */ = {
			isa = PBXGroup;
			children = (
				0BFFBD591C4CCFEB0057587C /* libRCTSettings.a */,
			);
			name = Products;
			sourceTree = "<group>";
		};
		0BFFBD5C1C4CD0050057587C /* Products */ = {
			isa = PBXGroup;
			children = (
				0BFFBD601C4CD0050057587C /* libRCTText.a */,
			);
			name = Products;
			sourceTree = "<group>";
		};
		0BFFBD631C4CD01D0057587C /* Products */ = {
			isa = PBXGroup;
			children = (
				0BFFBD671C4CD01D0057587C /* libRCTVibration.a */,
			);
			name = Products;
			sourceTree = "<group>";
		};
		0BFFBD6A1C4CD0300057587C /* Products */ = {
			isa = PBXGroup;
			children = (
				0BFFBD6E1C4CD0300057587C /* libRCTWebSocket.a */,
			);
			name = Products;
			sourceTree = "<group>";
		};
/* End PBXGroup section */

/* Begin PBXNativeTarget section */
		0BFFBCEE1C4CC9710057587C /* ReactNativeSwiftDemo */ = {
			isa = PBXNativeTarget;
			buildConfigurationList = 0BFFBD171C4CC9720057587C /* Build configuration list for PBXNativeTarget "ReactNativeSwiftDemo" */;
			buildPhases = (
				0BFFBCEB1C4CC9710057587C /* Sources */,
				0BFFBCEC1C4CC9710057587C /* Frameworks */,
				0BFFBCED1C4CC9710057587C /* Resources */,
			);
			buildRules = (
			);
			dependencies = (
			);
			name = ReactNativeSwiftDemo;
			productName = ReactNativeSwiftDemo;
			productReference = 0BFFBCEF1C4CC9710057587C /* ReactNativeSwiftDemo.app */;
			productType = "com.apple.product-type.application";
		};
		0BFFBD021C4CC9720057587C /* ReactNativeSwiftDemoTests */ = {
			isa = PBXNativeTarget;
			buildConfigurationList = 0BFFBD1A1C4CC9720057587C /* Build configuration list for PBXNativeTarget "ReactNativeSwiftDemoTests" */;
			buildPhases = (
				0BFFBCFF1C4CC9720057587C /* Sources */,
				0BFFBD001C4CC9720057587C /* Frameworks */,
				0BFFBD011C4CC9720057587C /* Resources */,
			);
			buildRules = (
			);
			dependencies = (
				0BFFBD051C4CC9720057587C /* PBXTargetDependency */,
			);
			name = ReactNativeSwiftDemoTests;
			productName = ReactNativeSwiftDemoTests;
			productReference = 0BFFBD031C4CC9720057587C /* ReactNativeSwiftDemoTests.xctest */;
			productType = "com.apple.product-type.bundle.unit-test";
		};
		0BFFBD0D1C4CC9720057587C /* ReactNativeSwiftDemoUITests */ = {
			isa = PBXNativeTarget;
			buildConfigurationList = 0BFFBD1D1C4CC9720057587C /* Build configuration list for PBXNativeTarget "ReactNativeSwiftDemoUITests" */;
			buildPhases = (
				0BFFBD0A1C4CC9720057587C /* Sources */,
				0BFFBD0B1C4CC9720057587C /* Frameworks */,
				0BFFBD0C1C4CC9720057587C /* Resources */,
			);
			buildRules = (
			);
			dependencies = (
				0BFFBD101C4CC9720057587C /* PBXTargetDependency */,
			);
			name = ReactNativeSwiftDemoUITests;
			productName = ReactNativeSwiftDemoUITests;
			productReference = 0BFFBD0E1C4CC9720057587C /* ReactNativeSwiftDemoUITests.xctest */;
			productType = "com.apple.product-type.bundle.ui-testing";
		};
/* End PBXNativeTarget section */

/* Begin PBXProject section */
		0BFFBCE71C4CC9710057587C /* Project object */ = {
			isa = PBXProject;
			attributes = {
				LastSwiftUpdateCheck = 0720;
				LastUpgradeCheck = 0720;
				ORGANIZATIONNAME = Lei;
				TargetAttributes = {
					0BFFBCEE1C4CC9710057587C = {
						CreatedOnToolsVersion = 7.2;
					};
					0BFFBD021C4CC9720057587C = {
						CreatedOnToolsVersion = 7.2;
						TestTargetID = 0BFFBCEE1C4CC9710057587C;
					};
					0BFFBD0D1C4CC9720057587C = {
						CreatedOnToolsVersion = 7.2;
						TestTargetID = 0BFFBCEE1C4CC9710057587C;
					};
				};
			};
			buildConfigurationList = 0BFFBCEA1C4CC9710057587C /* Build configuration list for PBXProject "ReactNativeSwiftDemo" */;
			compatibilityVersion = "Xcode 3.2";
			developmentRegion = English;
			hasScannedForEncodings = 0;
			knownRegions = (
				en,
				Base,
			);
			mainGroup = 0BFFBCE61C4CC9710057587C;
			productRefGroup = 0BFFBCF01C4CC9710057587C /* Products */;
			projectDirPath = "";
			projectReferences = (
				{
					ProductGroup = 0BFFBD321C4CCF610057587C /* Products */;
					ProjectRef = 0BFFBD311C4CCF610057587C /* RCTActionSheet.xcodeproj */;
				},
				{
					ProductGroup = 0BFFBD391C4CCF820057587C /* Products */;
					ProjectRef = 0BFFBD381C4CCF820057587C /* RCTGeolocation.xcodeproj */;
				},
				{
					ProductGroup = 0BFFBD401C4CCF9B0057587C /* Products */;
					ProjectRef = 0BFFBD3F1C4CCF9B0057587C /* RCTImage.xcodeproj */;
				},
				{
					ProductGroup = 0BFFBD471C4CCFB80057587C /* Products */;
					ProjectRef = 0BFFBD461C4CCFB80057587C /* RCTLinking.xcodeproj */;
				},
				{
					ProductGroup = 0BFFBD4E1C4CCFD50057587C /* Products */;
					ProjectRef = 0BFFBD4D1C4CCFD50057587C /* RCTNetwork.xcodeproj */;
				},
				{
					ProductGroup = 0BFFBD551C4CCFEB0057587C /* Products */;
					ProjectRef = 0BFFBD541C4CCFEB0057587C /* RCTSettings.xcodeproj */;
				},
				{
					ProductGroup = 0BFFBD5C1C4CD0050057587C /* Products */;
					ProjectRef = 0BFFBD5B1C4CD0050057587C /* RCTText.xcodeproj */;
				},
				{
					ProductGroup = 0BFFBD631C4CD01D0057587C /* Products */;
					ProjectRef = 0BFFBD621C4CD01D0057587C /* RCTVibration.xcodeproj */;
				},
				{
					ProductGroup = 0BFFBD6A1C4CD0300057587C /* Products */;
					ProjectRef = 0BFFBD691C4CD0300057587C /* RCTWebSocket.xcodeproj */;
				},
				{
					ProductGroup = 0BFFBD211C4CCBAF0057587C /* Products */;
					ProjectRef = 0BFFBD201C4CCBAF0057587C /* React.xcodeproj */;
				},
			);
			projectRoot = "";
			targets = (
				0BFFBCEE1C4CC9710057587C /* ReactNativeSwiftDemo */,
				0BFFBD021C4CC9720057587C /* ReactNativeSwiftDemoTests */,
				0BFFBD0D1C4CC9720057587C /* ReactNativeSwiftDemoUITests */,
			);
		};
/* End PBXProject section */

/* Begin PBXReferenceProxy section */
		0BFFBD251C4CCBAF0057587C /* libReact.a */ = {
			isa = PBXReferenceProxy;
			fileType = archive.ar;
			path = libReact.a;
			remoteRef = 0BFFBD241C4CCBAF0057587C /* PBXContainerItemProxy */;
			sourceTree = BUILT_PRODUCTS_DIR;
		};
		0BFFBD361C4CCF610057587C /* libRCTActionSheet.a */ = {
			isa = PBXReferenceProxy;
			fileType = archive.ar;
			path = libRCTActionSheet.a;
			remoteRef = 0BFFBD351C4CCF610057587C /* PBXContainerItemProxy */;
			sourceTree = BUILT_PRODUCTS_DIR;
		};
		0BFFBD3D1C4CCF830057587C /* libRCTGeolocation.a */ = {
			isa = PBXReferenceProxy;
			fileType = archive.ar;
			path = libRCTGeolocation.a;
			remoteRef = 0BFFBD3C1C4CCF830057587C /* PBXContainerItemProxy */;
			sourceTree = BUILT_PRODUCTS_DIR;
		};
		0BFFBD441C4CCF9B0057587C /* libRCTImage.a */ = {
			isa = PBXReferenceProxy;
			fileType = archive.ar;
			path = libRCTImage.a;
			remoteRef = 0BFFBD431C4CCF9B0057587C /* PBXContainerItemProxy */;
			sourceTree = BUILT_PRODUCTS_DIR;
		};
		0BFFBD4B1C4CCFB80057587C /* libRCTLinking.a */ = {
			isa = PBXReferenceProxy;
			fileType = archive.ar;
			path = libRCTLinking.a;
			remoteRef = 0BFFBD4A1C4CCFB80057587C /* PBXContainerItemProxy */;
			sourceTree = BUILT_PRODUCTS_DIR;
		};
		0BFFBD521C4CCFD50057587C /* libRCTNetwork.a */ = {
			isa = PBXReferenceProxy;
			fileType = archive.ar;
			path = libRCTNetwork.a;
			remoteRef = 0BFFBD511C4CCFD50057587C /* PBXContainerItemProxy */;
			sourceTree = BUILT_PRODUCTS_DIR;
		};
		0BFFBD591C4CCFEB0057587C /* libRCTSettings.a */ = {
			isa = PBXReferenceProxy;
			fileType = archive.ar;
			path = libRCTSettings.a;
			remoteRef = 0BFFBD581C4CCFEB0057587C /* PBXContainerItemProxy */;
			sourceTree = BUILT_PRODUCTS_DIR;
		};
		0BFFBD601C4CD0050057587C /* libRCTText.a */ = {
			isa = PBXReferenceProxy;
			fileType = archive.ar;
			path = libRCTText.a;
			remoteRef = 0BFFBD5F1C4CD0050057587C /* PBXContainerItemProxy */;
			sourceTree = BUILT_PRODUCTS_DIR;
		};
		0BFFBD671C4CD01D0057587C /* libRCTVibration.a */ = {
			isa = PBXReferenceProxy;
			fileType = archive.ar;
			path = libRCTVibration.a;
			remoteRef = 0BFFBD661C4CD01D0057587C /* PBXContainerItemProxy */;
			sourceTree = BUILT_PRODUCTS_DIR;
		};
		0BFFBD6E1C4CD0300057587C /* libRCTWebSocket.a */ = {
			isa = PBXReferenceProxy;
			fileType = archive.ar;
			path = libRCTWebSocket.a;
			remoteRef = 0BFFBD6D1C4CD0300057587C /* PBXContainerItemProxy */;
			sourceTree = BUILT_PRODUCTS_DIR;
		};
/* End PBXReferenceProxy section */

/* Begin PBXResourcesBuildPhase section */
		0BFFBCED1C4CC9710057587C /* Resources */ = {
			isa = PBXResourcesBuildPhase;
			buildActionMask = 2147483647;
			files = (
				0BFFBCFD1C4CC9710057587C /* LaunchScreen.storyboard in Resources */,
				0BFFBCFA1C4CC9710057587C /* Assets.xcassets in Resources */,
				0BFFBCF81C4CC9710057587C /* Main.storyboard in Resources */,
			);
			runOnlyForDeploymentPostprocessing = 0;
		};
		0BFFBD011C4CC9720057587C /* Resources */ = {
			isa = PBXResourcesBuildPhase;
			buildActionMask = 2147483647;
			files = (
			);
			runOnlyForDeploymentPostprocessing = 0;
		};
		0BFFBD0C1C4CC9720057587C /* Resources */ = {
			isa = PBXResourcesBuildPhase;
			buildActionMask = 2147483647;
			files = (
			);
			runOnlyForDeploymentPostprocessing = 0;
		};
/* End PBXResourcesBuildPhase section */

/* Begin PBXSourcesBuildPhase section */
		0BFFBCEB1C4CC9710057587C /* Sources */ = {
			isa = PBXSourcesBuildPhase;
			buildActionMask = 2147483647;
			files = (
				0BFFBCF51C4CC9710057587C /* ViewController.swift in Sources */,
				0BFFBCF31C4CC9710057587C /* AppDelegate.swift in Sources */,
			);
			runOnlyForDeploymentPostprocessing = 0;
		};
		0BFFBCFF1C4CC9720057587C /* Sources */ = {
			isa = PBXSourcesBuildPhase;
			buildActionMask = 2147483647;
			files = (
				0BFFBD081C4CC9720057587C /* ReactNativeSwiftDemoTests.swift in Sources */,
			);
			runOnlyForDeploymentPostprocessing = 0;
		};
		0BFFBD0A1C4CC9720057587C /* Sources */ = {
			isa = PBXSourcesBuildPhase;
			buildActionMask = 2147483647;
			files = (
				0BFFBD131C4CC9720057587C /* ReactNativeSwiftDemoUITests.swift in Sources */,
			);
			runOnlyForDeploymentPostprocessing = 0;
		};
/* End PBXSourcesBuildPhase section */

/* Begin PBXTargetDependency section */
		0BFFBD051C4CC9720057587C /* PBXTargetDependency */ = {
			isa = PBXTargetDependency;
			target = 0BFFBCEE1C4CC9710057587C /* ReactNativeSwiftDemo */;
			targetProxy = 0BFFBD041C4CC9720057587C /* PBXContainerItemProxy */;
		};
		0BFFBD101C4CC9720057587C /* PBXTargetDependency */ = {
			isa = PBXTargetDependency;
			target = 0BFFBCEE1C4CC9710057587C /* ReactNativeSwiftDemo */;
			targetProxy = 0BFFBD0F1C4CC9720057587C /* PBXContainerItemProxy */;
		};
/* End PBXTargetDependency section */

/* Begin PBXVariantGroup section */
		0BFFBCF61C4CC9710057587C /* Main.storyboard */ = {
			isa = PBXVariantGroup;
			children = (
				0BFFBCF71C4CC9710057587C /* Base */,
			);
			name = Main.storyboard;
			sourceTree = "<group>";
		};
		0BFFBCFB1C4CC9710057587C /* LaunchScreen.storyboard */ = {
			isa = PBXVariantGroup;
			children = (
				0BFFBCFC1C4CC9710057587C /* Base */,
			);
			name = LaunchScreen.storyboard;
			sourceTree = "<group>";
		};
/* End PBXVariantGroup section */

/* Begin XCBuildConfiguration section */
		0BFFBD151C4CC9720057587C /* Debug */ = {
			isa = XCBuildConfiguration;
			buildSettings = {
				ALWAYS_SEARCH_USER_PATHS = NO;
				CLANG_CXX_LANGUAGE_STANDARD = "gnu++0x";
				CLANG_CXX_LIBRARY = "libc++";
				CLANG_ENABLE_MODULES = YES;
				CLANG_ENABLE_OBJC_ARC = YES;
				CLANG_WARN_BOOL_CONVERSION = YES;
				CLANG_WARN_CONSTANT_CONVERSION = YES;
				CLANG_WARN_DIRECT_OBJC_ISA_USAGE = YES_ERROR;
				CLANG_WARN_EMPTY_BODY = YES;
				CLANG_WARN_ENUM_CONVERSION = YES;
				CLANG_WARN_INT_CONVERSION = YES;
				CLANG_WARN_OBJC_ROOT_CLASS = YES_ERROR;
				CLANG_WARN_UNREACHABLE_CODE = YES;
				CLANG_WARN__DUPLICATE_METHOD_MATCH = YES;
				"CODE_SIGN_IDENTITY[sdk=iphoneos*]" = "iPhone Developer";
				COPY_PHASE_STRIP = NO;
				DEBUG_INFORMATION_FORMAT = dwarf;
				ENABLE_STRICT_OBJC_MSGSEND = YES;
				ENABLE_TESTABILITY = YES;
				GCC_C_LANGUAGE_STANDARD = gnu99;
				GCC_DYNAMIC_NO_PIC = NO;
				GCC_NO_COMMON_BLOCKS = YES;
				GCC_OPTIMIZATION_LEVEL = 0;
				GCC_PREPROCESSOR_DEFINITIONS = (
					"DEBUG=1",
					"$(inherited)",
				);
				GCC_WARN_64_TO_32_BIT_CONVERSION = YES;
				GCC_WARN_ABOUT_RETURN_TYPE = YES_ERROR;
				GCC_WARN_UNDECLARED_SELECTOR = YES;
				GCC_WARN_UNINITIALIZED_AUTOS = YES_AGGRESSIVE;
				GCC_WARN_UNUSED_FUNCTION = YES;
				GCC_WARN_UNUSED_VARIABLE = YES;
				IPHONEOS_DEPLOYMENT_TARGET = 9.2;
				MTL_ENABLE_DEBUG_INFO = YES;
				ONLY_ACTIVE_ARCH = YES;
				SDKROOT = iphoneos;
				SWIFT_OPTIMIZATION_LEVEL = "-Onone";
				TARGETED_DEVICE_FAMILY = "1,2";
			};
			name = Debug;
		};
		0BFFBD161C4CC9720057587C /* Release */ = {
			isa = XCBuildConfiguration;
			buildSettings = {
				ALWAYS_SEARCH_USER_PATHS = NO;
				CLANG_CXX_LANGUAGE_STANDARD = "gnu++0x";
				CLANG_CXX_LIBRARY = "libc++";
				CLANG_ENABLE_MODULES = YES;
				CLANG_ENABLE_OBJC_ARC = YES;
				CLANG_WARN_BOOL_CONVERSION = YES;
				CLANG_WARN_CONSTANT_CONVERSION = YES;
				CLANG_WARN_DIRECT_OBJC_ISA_USAGE = YES_ERROR;
				CLANG_WARN_EMPTY_BODY = YES;
				CLANG_WARN_ENUM_CONVERSION = YES;
				CLANG_WARN_INT_CONVERSION = YES;
				CLANG_WARN_OBJC_ROOT_CLASS = YES_ERROR;
				CLANG_WARN_UNREACHABLE_CODE = YES;
				CLANG_WARN__DUPLICATE_METHOD_MATCH = YES;
				"CODE_SIGN_IDENTITY[sdk=iphoneos*]" = "iPhone Developer";
				COPY_PHASE_STRIP = NO;
				DEBUG_INFORMATION_FORMAT = "dwarf-with-dsym";
				ENABLE_NS_ASSERTIONS = NO;
				ENABLE_STRICT_OBJC_MSGSEND = YES;
				GCC_C_LANGUAGE_STANDARD = gnu99;
				GCC_NO_COMMON_BLOCKS = YES;
				GCC_WARN_64_TO_32_BIT_CONVERSION = YES;
				GCC_WARN_ABOUT_RETURN_TYPE = YES_ERROR;
				GCC_WARN_UNDECLARED_SELECTOR = YES;
				GCC_WARN_UNINITIALIZED_AUTOS = YES_AGGRESSIVE;
				GCC_WARN_UNUSED_FUNCTION = YES;
				GCC_WARN_UNUSED_VARIABLE = YES;
				IPHONEOS_DEPLOYMENT_TARGET = 9.2;
				MTL_ENABLE_DEBUG_INFO = NO;
				SDKROOT = iphoneos;
				TARGETED_DEVICE_FAMILY = "1,2";
				VALIDATE_PRODUCT = YES;
			};
			name = Release;
		};
		0BFFBD181C4CC9720057587C /* Debug */ = {
			isa = XCBuildConfiguration;
			buildSettings = {
				ASSETCATALOG_COMPILER_APPICON_NAME = AppIcon;
				HEADER_SEARCH_PATHS = "node_modules/react-native/React/**";
				INFOPLIST_FILE = ReactNativeSwiftDemo/Info.plist;
				LD_RUNPATH_SEARCH_PATHS = "$(inherited) @executable_path/Frameworks";
				OTHER_LDFLAGS = "-all_load";
				PRODUCT_BUNDLE_IDENTIFIER = com.variablename.ReactNativeSwiftDemo;
				PRODUCT_NAME = "$(TARGET_NAME)";
				SWIFT_OBJC_BRIDGING_HEADER = "ReactNativeSwiftDemo/ReactNativeSwiftDemo-Bridging-Header.h";
			};
			name = Debug;
		};
		0BFFBD191C4CC9720057587C /* Release */ = {
			isa = XCBuildConfiguration;
			buildSettings = {
				ASSETCATALOG_COMPILER_APPICON_NAME = AppIcon;
				HEADER_SEARCH_PATHS = "node_modules/react-native/React/**";
				INFOPLIST_FILE = ReactNativeSwiftDemo/Info.plist;
				LD_RUNPATH_SEARCH_PATHS = "$(inherited) @executable_path/Frameworks";
				OTHER_LDFLAGS = "-all_load";
				PRODUCT_BUNDLE_IDENTIFIER = com.variablename.ReactNativeSwiftDemo;
				PRODUCT_NAME = "$(TARGET_NAME)";
				SWIFT_OBJC_BRIDGING_HEADER = "ReactNativeSwiftDemo/ReactNativeSwiftDemo-Bridging-Header.h";
			};
			name = Release;
		};
		0BFFBD1B1C4CC9720057587C /* Debug */ = {
			isa = XCBuildConfiguration;
			buildSettings = {
				BUNDLE_LOADER = "$(TEST_HOST)";
				INFOPLIST_FILE = ReactNativeSwiftDemoTests/Info.plist;
				LD_RUNPATH_SEARCH_PATHS = "$(inherited) @executable_path/Frameworks @loader_path/Frameworks";
				PRODUCT_BUNDLE_IDENTIFIER = com.variablename.ReactNativeSwiftDemoTests;
				PRODUCT_NAME = "$(TARGET_NAME)";
				TEST_HOST = "$(BUILT_PRODUCTS_DIR)/ReactNativeSwiftDemo.app/ReactNativeSwiftDemo";
			};
			name = Debug;
		};
		0BFFBD1C1C4CC9720057587C /* Release */ = {
			isa = XCBuildConfiguration;
			buildSettings = {
				BUNDLE_LOADER = "$(TEST_HOST)";
				INFOPLIST_FILE = ReactNativeSwiftDemoTests/Info.plist;
				LD_RUNPATH_SEARCH_PATHS = "$(inherited) @executable_path/Frameworks @loader_path/Frameworks";
				PRODUCT_BUNDLE_IDENTIFIER = com.variablename.ReactNativeSwiftDemoTests;
				PRODUCT_NAME = "$(TARGET_NAME)";
				TEST_HOST = "$(BUILT_PRODUCTS_DIR)/ReactNativeSwiftDemo.app/ReactNativeSwiftDemo";
			};
			name = Release;
		};
		0BFFBD1E1C4CC9720057587C /* Debug */ = {
			isa = XCBuildConfiguration;
			buildSettings = {
				INFOPLIST_FILE = ReactNativeSwiftDemoUITests/Info.plist;
				LD_RUNPATH_SEARCH_PATHS = "$(inherited) @executable_path/Frameworks @loader_path/Frameworks";
				PRODUCT_BUNDLE_IDENTIFIER = com.variablename.ReactNativeSwiftDemoUITests;
				PRODUCT_NAME = "$(TARGET_NAME)";
				TEST_TARGET_NAME = ReactNativeSwiftDemo;
				USES_XCTRUNNER = YES;
			};
			name = Debug;
		};
		0BFFBD1F1C4CC9720057587C /* Release */ = {
			isa = XCBuildConfiguration;
			buildSettings = {
				INFOPLIST_FILE = ReactNativeSwiftDemoUITests/Info.plist;
				LD_RUNPATH_SEARCH_PATHS = "$(inherited) @executable_path/Frameworks @loader_path/Frameworks";
				PRODUCT_BUNDLE_IDENTIFIER = com.variablename.ReactNativeSwiftDemoUITests;
				PRODUCT_NAME = "$(TARGET_NAME)";
				TEST_TARGET_NAME = ReactNativeSwiftDemo;
				USES_XCTRUNNER = YES;
			};
			name = Release;
		};
/* End XCBuildConfiguration section */

/* Begin XCConfigurationList section */
		0BFFBCEA1C4CC9710057587C /* Build configuration list for PBXProject "ReactNativeSwiftDemo" */ = {
			isa = XCConfigurationList;
			buildConfigurations = (
				0BFFBD151C4CC9720057587C /* Debug */,
				0BFFBD161C4CC9720057587C /* Release */,
			);
			defaultConfigurationIsVisible = 0;
			defaultConfigurationName = Release;
		};
		0BFFBD171C4CC9720057587C /* Build configuration list for PBXNativeTarget "ReactNativeSwiftDemo" */ = {
			isa = XCConfigurationList;
			buildConfigurations = (
				0BFFBD181C4CC9720057587C /* Debug */,
				0BFFBD191C4CC9720057587C /* Release */,
			);
			defaultConfigurationIsVisible = 0;
		};
		0BFFBD1A1C4CC9720057587C /* Build configuration list for PBXNativeTarget "ReactNativeSwiftDemoTests" */ = {
			isa = XCConfigurationList;
			buildConfigurations = (
				0BFFBD1B1C4CC9720057587C /* Debug */,
				0BFFBD1C1C4CC9720057587C /* Release */,
			);
			defaultConfigurationIsVisible = 0;
		};
		0BFFBD1D1C4CC9720057587C /* Build configuration list for PBXNativeTarget "ReactNativeSwiftDemoUITests" */ = {
			isa = XCConfigurationList;
			buildConfigurations = (
				0BFFBD1E1C4CC9720057587C /* Debug */,
				0BFFBD1F1C4CC9720057587C /* Release */,
			);
			defaultConfigurationIsVisible = 0;
		};
/* End XCConfigurationList section */
	};
	rootObject = 0BFFBCE71C4CC9710057587C /* Project object */;
}
